
Microsoft Visual Studio Solution File, Format Version 12.00
# Visual Studio Version 16
VisualStudioVersion = 25.0.1700.1
MinimumVisualStudioVersion = 10.0.40219.1
Project("{FAE04EC0-301F-11D3-BF4B-00C04F79EFBC}") = "SampleApp.Android", "SampleApp\SampleApp.Android\SampleApp.Android.csproj", "{F0E1F218-4CF8-4774-B0DA-826103AAB261}"
EndProject
Project("{FAE04EC0-301F-11D3-BF4B-00C04F79EFBC}") = "SampleApp.iOS", "SampleApp\SampleApp.iOS\SampleApp.iOS.csproj", "{CCD84949-E1DB-4BD1-B8F9-74C3E01B5E1A}"
EndProject
Project("{FAE04EC0-301F-11D3-BF4B-00C04F79EFBC}") = "SampleApp", "SampleApp\SampleApp\SampleApp.csproj", "{CF074E1A-54D8-4A6F-9143-9F1AB449B7C8}"
EndProject
Global
	GlobalSection(SolutionConfigurationPlatforms) = preSolution
		Debug|Any CPU = Debug|Any CPU
		Release|Any CPU = Release|Any CPU
		Debug|iPhoneSimulator = Debug|iPhoneSimulator
		Release|iPhoneSimulator = Release|iPhoneSimulator
		Debug|iPhone = Debug|iPhone
		Release|iPhone = Release|iPhone
	EndGlobalSection
	GlobalSection(ProjectConfigurationPlatforms) = postSolution
		{F0E1F218-4CF8-4774-B0DA-826103AAB261}.Debug|Any CPU.ActiveCfg = Debug|Any CPU
		{F0E1F218-4CF8-4774-B0DA-826103AAB261}.Debug|Any CPU.Build.0 = Debug|Any CPU
		{F0E1F218-4CF8-4774-B0DA-826103AAB261}.Release|Any CPU.ActiveCfg = Release|Any CPU
		{F0E1F218-4CF8-4774-B0DA-826103AAB261}.Release|Any CPU.Build.0 = Release|Any CPU
		{F0E1F218-4CF8-4774-B0DA-826103AAB261}.Debug|iPhoneSimulator.ActiveCfg = Debug|Any CPU
		{F0E1F218-4CF8-4774-B0DA-826103AAB261}.Debug|iPhoneSimulator.Build.0 = Debug|Any CPU
		{F0E1F218-4CF8-4774-B0DA-826103AAB261}.Release|iPhoneSimulator.ActiveCfg = Release|Any CPU
		{F0E1F218-4CF8-4774-B0DA-826103AAB261}.Release|iPhoneSimulator.Build.0 = Release|Any CPU
		{F0E1F218-4CF8-4774-B0DA-826103AAB261}.Debug|iPhone.ActiveCfg = Debug|Any CPU
		{F0E1F218-4CF8-4774-B0DA-826103AAB261}.Debug|iPhone.Build.0 = Debug|Any CPU
		{F0E1F218-4CF8-4774-B0DA-826103AAB261}.Release|iPhone.ActiveCfg = Release|Any CPU
		{F0E1F218-4CF8-4774-B0DA-826103AAB261}.Release|iPhone.Build.0 = Release|Any CPU
		{CCD84949-E1DB-4BD1-B8F9-74C3E01B5E1A}.Debug|Any CPU.ActiveCfg = Debug|iPhoneSimulator
		{CCD84949-E1DB-4BD1-B8F9-74C3E01B5E1A}.Debug|Any CPU.Build.0 = Debug|iPhoneSimulator
		{CCD84949-E1DB-4BD1-B8F9-74C3E01B5E1A}.Release|Any CPU.ActiveCfg = Release|iPhoneSimulator
		{CCD84949-E1DB-4BD1-B8F9-74C3E01B5E1A}.Release|Any CPU.Build.0 = Release|iPhoneSimulator
		{CCD84949-E1DB-4BD1-B8F9-74C3E01B5E1A}.Debug|iPhoneSimulator.ActiveCfg = Debug|iPhoneSimulator
		{CCD84949-E1DB-4BD1-B8F9-74C3E01B5E1A}.Debug|iPhoneSimulator.Build.0 = Debug|iPhoneSimulator
		{CCD84949-E1DB-4BD1-B8F9-74C3E01B5E1A}.Release|iPhoneSimulator.ActiveCfg = Release|iPhoneSimulator
		{CCD84949-E1DB-4BD1-B8F9-74C3E01B5E1A}.Release|iPhoneSimulator.Build.0 = Release|iPhoneSimulator
		{CCD84949-E1DB-4BD1-B8F9-74C3E01B5E1A}.Debug|iPhone.ActiveCfg = Debug|iPhone
		{CCD84949-E1DB-4BD1-B8F9-74C3E01B5E1A}.Debug|iPhone.Build.0 = Debug|iPhone
		{CCD84949-E1DB-4BD1-B8F9-74C3E01B5E1A}.Release|iPhone.ActiveCfg = Release|iPhone
		{CCD84949-E1DB-4BD1-B8F9-74C3E01B5E1A}.Release|iPhone.Build.0 = Release|iPhone
		{CF074E1A-54D8-4A6F-9143-9F1AB449B7C8}.Debug|Any CPU.ActiveCfg = Debug|Any CPU
		{CF074E1A-54D8-4A6F-9143-9F1AB449B7C8}.Debug|Any CPU.Build.0 = Debug|Any CPU
		{CF074E1A-54D8-4A6F-9143-9F1AB449B7C8}.Release|Any CPU.ActiveCfg = Release|Any CPU
		{CF074E1A-54D8-4A6F-9143-9F1AB449B7C8}.Release|Any CPU.Build.0 = Release|Any CPU
		{CF074E1A-54D8-4A6F-9143-9F1AB449B7C8}.Debug|iPhoneSimulator.ActiveCfg = Debug|Any CPU
		{CF074E1A-54D8-4A6F-9143-9F1AB449B7C8}.Debug|iPhoneSimulator.Build.0 = Debug|Any CPU
		{CF074E1A-54D8-4A6F-9143-9F1AB449B7C8}.Release|iPhoneSimulator.ActiveCfg = Release|Any CPU
		{CF074E1A-54D8-4A6F-9143-9F1AB449B7C8}.Release|iPhoneSimulator.Build.0 = Release|Any CPU
		{CF074E1A-54D8-4A6F-9143-9F1AB449B7C8}.Debug|iPhone.ActiveCfg = Debug|Any CPU
		{CF074E1A-54D8-4A6F-9143-9F1AB449B7C8}.Debug|iPhone.Build.0 = Debug|Any CPU
		{CF074E1A-54D8-4A6F-9143-9F1AB449B7C8}.Release|iPhone.ActiveCfg = Release|Any CPU
		{CF074E1A-54D8-4A6F-9143-9F1AB449B7C8}.Release|iPhone.Build.0 = Release|Any CPU
	EndGlobalSection
	GlobalSection(SolutionProperties) = preSolution
		HideSolutionNode = FALSE
	EndGlobalSection
	GlobalSection(ExtensibilityGlobals) = postSolution
		SolutionGuid = {B342DF0A-E251-431E-88C1-26319F616C66}
	EndGlobalSection
EndGlobal
